
Microsoft Visual Studio Solution File, Format Version 12.00
# Visual Studio Version 17
VisualStudioVersion = 17.6.33723.286
MinimumVisualStudioVersion = 10.0.40219.1
Project("{FAE04EC0-301F-11D3-BF4B-00C04F79EFBC}") = "GenerateServer", "GenerateServer\GenerateServer.csproj", "{1C0263A3-4743-4CBB-A092-D50EAC969772}"
EndProject
Project("{FAE04EC0-301F-11D3-BF4B-00C04F79EFBC}") = "Client", "Client\Client.csproj", "{4D734BF2-2D1F-4FB3-B19C-82F566C0702C}"
EndProject
Global
	GlobalSection(SolutionConfigurationPlatforms) = preSolution
		Debug|Any CPU = Debug|Any CPU
		Release|Any CPU = Release|Any CPU
	EndGlobalSection
	GlobalSection(ProjectConfigurationPlatforms) = postSolution
		{1C0263A3-4743-4CBB-A092-D50EAC969772}.Debug|Any CPU.ActiveCfg = Debug|Any CPU
		{1C0263A3-4743-4CBB-A092-D50EAC969772}.Debug|Any CPU.Build.0 = Debug|Any CPU
		{1C0263A3-4743-4CBB-A092-D50EAC969772}.Release|Any CPU.ActiveCfg = Release|Any CPU
		{1C0263A3-4743-4CBB-A092-D50EAC969772}.Release|Any CPU.Build.0 = Release|Any CPU
		{4D734BF2-2D1F-4FB3-B19C-82F566C0702C}.Debug|Any CPU.ActiveCfg = Debug|Any CPU
		{4D734BF2-2D1F-4FB3-B19C-82F566C0702C}.Debug|Any CPU.Build.0 = Debug|Any CPU
		{4D734BF2-2D1F-4FB3-B19C-82F566C0702C}.Release|Any CPU.ActiveCfg = Release|Any CPU
		{4D734BF2-2D1F-4FB3-B19C-82F566C0702C}.Release|Any CPU.Build.0 = Release|Any CPU
	EndGlobalSection
	GlobalSection(SolutionProperties) = preSolution
		HideSolutionNode = FALSE
	EndGlobalSection
	GlobalSection(ExtensibilityGlobals) = postSolution
		SolutionGuid = {5491545C-3527-4789-B9C5-776B36ECC7B5}
	EndGlobalSection
EndGlobal
